
Microsoft Visual Studio Solution File, Format Version 12.00
# Visual Studio 15
VisualStudioVersion = 15.0.27130.2027
MinimumVisualStudioVersion = 10.0.40219.1
Project("{FAE04EC0-301F-11D3-BF4B-00C04F79EFBC}") = "Phone_book", "Phone_book\Phone_book.csproj", "{9C2BBC2B-7A13-40EE-A8FA-9AB39978D54B}"
EndProject
Global
	GlobalSection(SolutionConfigurationPlatforms) = preSolution
		Debug|Any CPU = Debug|Any CPU
		Release|Any CPU = Release|Any CPU
	EndGlobalSection
	GlobalSection(ProjectConfigurationPlatforms) = postSolution
		{9C2BBC2B-7A13-40EE-A8FA-9AB39978D54B}.Debug|Any CPU.ActiveCfg = Debug|Any CPU
		{9C2BBC2B-7A13-40EE-A8FA-9AB39978D54B}.Debug|Any CPU.Build.0 = Debug|Any CPU
		{9C2BBC2B-7A13-40EE-A8FA-9AB39978D54B}.Release|Any CPU.ActiveCfg = Release|Any CPU
		{9C2BBC2B-7A13-40EE-A8FA-9AB39978D54B}.Release|Any CPU.Build.0 = Release|Any CPU
	EndGlobalSection
	GlobalSection(SolutionProperties) = preSolution
		HideSolutionNode = FALSE
	EndGlobalSection
	GlobalSection(ExtensibilityGlobals) = postSolution
		SolutionGuid = {453A42DC-DEAE-41CF-BDEE-25EACC641DEA}
	EndGlobalSection
EndGlobal
